
Microsoft Visual Studio Solution File, Format Version 12.00
# Visual Studio Version 16
VisualStudioVersion = 16.0.31005.135
MinimumVisualStudioVersion = 10.0.40219.1
Project("{FAE04EC0-301F-11D3-BF4B-00C04F79EFBC}") = "NWBlog.EntityFramework.AuditingDemo", "NWBlog.EntityFramework.AuditingDemo\NWBlog.EntityFramework.AuditingDemo.csproj", "{1847A88D-5B4D-4D97-8D00-7E185E452CA4}"
EndProject
Global
	GlobalSection(SolutionConfigurationPlatforms) = preSolution
		Debug|Any CPU = Debug|Any CPU
		Release|Any CPU = Release|Any CPU
	EndGlobalSection
	GlobalSection(ProjectConfigurationPlatforms) = postSolution
		{1847A88D-5B4D-4D97-8D00-7E185E452CA4}.Debug|Any CPU.ActiveCfg = Debug|Any CPU
		{1847A88D-5B4D-4D97-8D00-7E185E452CA4}.Debug|Any CPU.Build.0 = Debug|Any CPU
		{1847A88D-5B4D-4D97-8D00-7E185E452CA4}.Release|Any CPU.ActiveCfg = Release|Any CPU
		{1847A88D-5B4D-4D97-8D00-7E185E452CA4}.Release|Any CPU.Build.0 = Release|Any CPU
	EndGlobalSection
	GlobalSection(SolutionProperties) = preSolution
		HideSolutionNode = FALSE
	EndGlobalSection
	GlobalSection(ExtensibilityGlobals) = postSolution
		SolutionGuid = {3B4CD0FC-4301-4447-9A6A-BBB9FC488A60}
	EndGlobalSection
EndGlobal
